
Microsoft Visual Studio Solution File, Format Version 12.00
# Visual Studio 14
VisualStudioVersion = 14.0.25123.0
MinimumVisualStudioVersion = 10.0.40219.1
Project("{FAE04EC0-301F-11D3-BF4B-00C04F79EFBC}") = "cogs.Droid", "cogs\cogs.Droid\cogs.Droid.csproj", "{9485BACC-2ED2-4B7D-92D0-1BADA6C5C780}"
EndProject
Project("{FAE04EC0-301F-11D3-BF4B-00C04F79EFBC}") = "cogs.iOS", "cogs\cogs.iOS\cogs.iOS.csproj", "{4C1B7BFF-F443-4162-8548-4B3591284876}"
EndProject
Project("{FAE04EC0-301F-11D3-BF4B-00C04F79EFBC}") = "cogs.WinPhone", "cogs\cogs.WinPhone\cogs.WinPhone.csproj", "{692BFA52-0530-4674-95AC-8146C0464A36}"
EndProject
Project("{FAE04EC0-301F-11D3-BF4B-00C04F79EFBC}") = "cogs.UWP", "cogs\cogs.UWP\cogs.UWP.csproj", "{D7B4558C-A479-4B5E-A83B-C82E45C0D155}"
EndProject
Project("{FAE04EC0-301F-11D3-BF4B-00C04F79EFBC}") = "cogs.Windows", "cogs\cogs.Windows\cogs.Windows.csproj", "{3A49D02D-D069-4959-BE32-C987E1E7953E}"
EndProject
Project("{FAE04EC0-301F-11D3-BF4B-00C04F79EFBC}") = "cogs", "cogs\cogs\cogs.csproj", "{DF7C8DC4-6C87-4A2A-BB5B-EA727D1E96BB}"
EndProject
Global
	GlobalSection(SolutionConfigurationPlatforms) = preSolution
		Ad-Hoc|Any CPU = Ad-Hoc|Any CPU
		Ad-Hoc|ARM = Ad-Hoc|ARM
		Ad-Hoc|iPhone = Ad-Hoc|iPhone
		Ad-Hoc|iPhoneSimulator = Ad-Hoc|iPhoneSimulator
		Ad-Hoc|x64 = Ad-Hoc|x64
		Ad-Hoc|x86 = Ad-Hoc|x86
		AppStore|Any CPU = AppStore|Any CPU
		AppStore|ARM = AppStore|ARM
		AppStore|iPhone = AppStore|iPhone
		AppStore|iPhoneSimulator = AppStore|iPhoneSimulator
		AppStore|x64 = AppStore|x64
		AppStore|x86 = AppStore|x86
		Debug|Any CPU = Debug|Any CPU
		Debug|ARM = Debug|ARM
		Debug|iPhone = Debug|iPhone
		Debug|iPhoneSimulator = Debug|iPhoneSimulator
		Debug|x64 = Debug|x64
		Debug|x86 = Debug|x86
		Release|Any CPU = Release|Any CPU
		Release|ARM = Release|ARM
		Release|iPhone = Release|iPhone
		Release|iPhoneSimulator = Release|iPhoneSimulator
		Release|x64 = Release|x64
		Release|x86 = Release|x86
	EndGlobalSection
	GlobalSection(ProjectConfigurationPlatforms) = postSolution
		{9485BACC-2ED2-4B7D-92D0-1BADA6C5C780}.Ad-Hoc|Any CPU.ActiveCfg = Release|Any CPU
		{9485BACC-2ED2-4B7D-92D0-1BADA6C5C780}.Ad-Hoc|Any CPU.Build.0 = Release|Any CPU
		{9485BACC-2ED2-4B7D-92D0-1BADA6C5C780}.Ad-Hoc|Any CPU.Deploy.0 = Release|Any CPU
		{9485BACC-2ED2-4B7D-92D0-1BADA6C5C780}.Ad-Hoc|ARM.ActiveCfg = Release|Any CPU
		{9485BACC-2ED2-4B7D-92D0-1BADA6C5C780}.Ad-Hoc|ARM.Build.0 = Release|Any CPU
		{9485BACC-2ED2-4B7D-92D0-1BADA6C5C780}.Ad-Hoc|ARM.Deploy.0 = Release|Any CPU
		{9485BACC-2ED2-4B7D-92D0-1BADA6C5C780}.Ad-Hoc|iPhone.ActiveCfg = Release|Any CPU
		{9485BACC-2ED2-4B7D-92D0-1BADA6C5C780}.Ad-Hoc|iPhone.Build.0 = Release|Any CPU
		{9485BACC-2ED2-4B7D-92D0-1BADA6C5C780}.Ad-Hoc|iPhone.Deploy.0 = Release|Any CPU
		{9485BACC-2ED2-4B7D-92D0-1BADA6C5C780}.Ad-Hoc|iPhoneSimulator.ActiveCfg = Release|Any CPU
		{9485BACC-2ED2-4B7D-92D0-1BADA6C5C780}.Ad-Hoc|iPhoneSimulator.Build.0 = Release|Any CPU
		{9485BACC-2ED2-4B7D-92D0-1BADA6C5C780}.Ad-Hoc|iPhoneSimulator.Deploy.0 = Release|Any CPU
		{9485BACC-2ED2-4B7D-92D0-1BADA6C5C780}.Ad-Hoc|x64.ActiveCfg = Release|Any CPU
		{9485BACC-2ED2-4B7D-92D0-1BADA6C5C780}.Ad-Hoc|x64.Build.0 = Release|Any CPU
		{9485BACC-2ED2-4B7D-92D0-1BADA6C5C780}.Ad-Hoc|x64.Deploy.0 = Release|Any CPU
		{9485BACC-2ED2-4B7D-92D0-1BADA6C5C780}.Ad-Hoc|x86.ActiveCfg = Release|Any CPU
		{9485BACC-2ED2-4B7D-92D0-1BADA6C5C780}.Ad-Hoc|x86.Build.0 = Release|Any CPU
		{9485BACC-2ED2-4B7D-92D0-1BADA6C5C780}.Ad-Hoc|x86.Deploy.0 = Release|Any CPU
		{9485BACC-2ED2-4B7D-92D0-1BADA6C5C780}.AppStore|Any CPU.ActiveCfg = Release|Any CPU
		{9485BACC-2ED2-4B7D-92D0-1BADA6C5C780}.AppStore|Any CPU.Build.0 = Release|Any CPU
		{9485BACC-2ED2-4B7D-92D0-1BADA6C5C780}.AppStore|Any CPU.Deploy.0 = Release|Any CPU
		{9485BACC-2ED2-4B7D-92D0-1BADA6C5C780}.AppStore|ARM.ActiveCfg = Release|Any CPU
		{9485BACC-2ED2-4B7D-92D0-1BADA6C5C780}.AppStore|ARM.Build.0 = Release|Any CPU
		{9485BACC-2ED2-4B7D-92D0-1BADA6C5C780}.AppStore|ARM.Deploy.0 = Release|Any CPU
		{9485BACC-2ED2-4B7D-92D0-1BADA6C5C780}.AppStore|iPhone.ActiveCfg = Release|Any CPU
		{9485BACC-2ED2-4B7D-92D0-1BADA6C5C780}.AppStore|iPhone.Build.0 = Release|Any CPU
		{9485BACC-2ED2-4B7D-92D0-1BADA6C5C780}.AppStore|iPhone.Deploy.0 = Release|Any CPU
		{9485BACC-2ED2-4B7D-92D0-1BADA6C5C780}.AppStore|iPhoneSimulator.ActiveCfg = Release|Any CPU
		{9485BACC-2ED2-4B7D-92D0-1BADA6C5C780}.AppStore|iPhoneSimulator.Build.0 = Release|Any CPU
		{9485BACC-2ED2-4B7D-92D0-1BADA6C5C780}.AppStore|iPhoneSimulator.Deploy.0 = Release|Any CPU
		{9485BACC-2ED2-4B7D-92D0-1BADA6C5C780}.AppStore|x64.ActiveCfg = Release|Any CPU
		{9485BACC-2ED2-4B7D-92D0-1BADA6C5C780}.AppStore|x64.Build.0 = Release|Any CPU
		{9485BACC-2ED2-4B7D-92D0-1BADA6C5C780}.AppStore|x64.Deploy.0 = Release|Any CPU
		{9485BACC-2ED2-4B7D-92D0-1BADA6C5C780}.AppStore|x86.ActiveCfg = Release|Any CPU
		{9485BACC-2ED2-4B7D-92D0-1BADA6C5C780}.AppStore|x86.Build.0 = Release|Any CPU
		{9485BACC-2ED2-4B7D-92D0-1BADA6C5C780}.AppStore|x86.Deploy.0 = Release|Any CPU
		{9485BACC-2ED2-4B7D-92D0-1BADA6C5C780}.Debug|Any CPU.ActiveCfg = Debug|Any CPU
		{9485BACC-2ED2-4B7D-92D0-1BADA6C5C780}.Debug|Any CPU.Build.0 = Debug|Any CPU
		{9485BACC-2ED2-4B7D-92D0-1BADA6C5C780}.Debug|Any CPU.Deploy.0 = Debug|Any CPU
		{9485BACC-2ED2-4B7D-92D0-1BADA6C5C780}.Debug|ARM.ActiveCfg = Debug|Any CPU
		{9485BACC-2ED2-4B7D-92D0-1BADA6C5C780}.Debug|ARM.Build.0 = Debug|Any CPU
		{9485BACC-2ED2-4B7D-92D0-1BADA6C5C780}.Debug|ARM.Deploy.0 = Debug|Any CPU
		{9485BACC-2ED2-4B7D-92D0-1BADA6C5C780}.Debug|iPhone.ActiveCfg = Debug|Any CPU
		{9485BACC-2ED2-4B7D-92D0-1BADA6C5C780}.Debug|iPhone.Build.0 = Debug|Any CPU
		{9485BACC-2ED2-4B7D-92D0-1BADA6C5C780}.Debug|iPhone.Deploy.0 = Debug|Any CPU
		{9485BACC-2ED2-4B7D-92D0-1BADA6C5C780}.Debug|iPhoneSimulator.ActiveCfg = Debug|Any CPU
		{9485BACC-2ED2-4B7D-92D0-1BADA6C5C780}.Debug|iPhoneSimulator.Build.0 = Debug|Any CPU
		{9485BACC-2ED2-4B7D-92D0-1BADA6C5C780}.Debug|iPhoneSimulator.Deploy.0 = Debug|Any CPU
		{9485BACC-2ED2-4B7D-92D0-1BADA6C5C780}.Debug|x64.ActiveCfg = Debug|Any CPU
		{9485BACC-2ED2-4B7D-92D0-1BADA6C5C780}.Debug|x64.Build.0 = Debug|Any CPU
		{9485BACC-2ED2-4B7D-92D0-1BADA6C5C780}.Debug|x64.Deploy.0 = Debug|Any CPU
		{9485BACC-2ED2-4B7D-92D0-1BADA6C5C780}.Debug|x86.ActiveCfg = Debug|Any CPU
		{9485BACC-2ED2-4B7D-92D0-1BADA6C5C780}.Debug|x86.Build.0 = Debug|Any CPU
		{9485BACC-2ED2-4B7D-92D0-1BADA6C5C780}.Debug|x86.Deploy.0 = Debug|Any CPU
		{9485BACC-2ED2-4B7D-92D0-1BADA6C5C780}.Release|Any CPU.ActiveCfg = Release|Any CPU
		{9485BACC-2ED2-4B7D-92D0-1BADA6C5C780}.Release|Any CPU.Build.0 = Release|Any CPU
		{9485BACC-2ED2-4B7D-92D0-1BADA6C5C780}.Release|Any CPU.Deploy.0 = Release|Any CPU
		{9485BACC-2ED2-4B7D-92D0-1BADA6C5C780}.Release|ARM.ActiveCfg = Release|Any CPU
		{9485BACC-2ED2-4B7D-92D0-1BADA6C5C780}.Release|ARM.Build.0 = Release|Any CPU
		{9485BACC-2ED2-4B7D-92D0-1BADA6C5C780}.Release|ARM.Deploy.0 = Release|Any CPU
		{9485BACC-2ED2-4B7D-92D0-1BADA6C5C780}.Release|iPhone.ActiveCfg = Release|Any CPU
		{9485BACC-2ED2-4B7D-92D0-1BADA6C5C780}.Release|iPhone.Build.0 = Release|Any CPU
		{9485BACC-2ED2-4B7D-92D0-1BADA6C5C780}.Release|iPhone.Deploy.0 = Release|Any CPU
		{9485BACC-2ED2-4B7D-92D0-1BADA6C5C780}.Release|iPhoneSimulator.ActiveCfg = Release|Any CPU
		{9485BACC-2ED2-4B7D-92D0-1BADA6C5C780}.Release|iPhoneSimulator.Build.0 = Release|Any CPU
		{9485BACC-2ED2-4B7D-92D0-1BADA6C5C780}.Release|iPhoneSimulator.Deploy.0 = Release|Any CPU
		{9485BACC-2ED2-4B7D-92D0-1BADA6C5C780}.Release|x64.ActiveCfg = Release|Any CPU
		{9485BACC-2ED2-4B7D-92D0-1BADA6C5C780}.Release|x64.Build.0 = Release|Any CPU
		{9485BACC-2ED2-4B7D-92D0-1BADA6C5C780}.Release|x64.Deploy.0 = Release|Any CPU
		{9485BACC-2ED2-4B7D-92D0-1BADA6C5C780}.Release|x86.ActiveCfg = Release|Any CPU
		{9485BACC-2ED2-4B7D-92D0-1BADA6C5C780}.Release|x86.Build.0 = Release|Any CPU
		{9485BACC-2ED2-4B7D-92D0-1BADA6C5C780}.Release|x86.Deploy.0 = Release|Any CPU
		{4C1B7BFF-F443-4162-8548-4B3591284876}.Ad-Hoc|Any CPU.ActiveCfg = Ad-Hoc|iPhone
		{4C1B7BFF-F443-4162-8548-4B3591284876}.Ad-Hoc|ARM.ActiveCfg = Ad-Hoc|iPhone
		{4C1B7BFF-F443-4162-8548-4B3591284876}.Ad-Hoc|iPhone.ActiveCfg = Ad-Hoc|iPhone
		{4C1B7BFF-F443-4162-8548-4B3591284876}.Ad-Hoc|iPhone.Build.0 = Ad-Hoc|iPhone
		{4C1B7BFF-F443-4162-8548-4B3591284876}.Ad-Hoc|iPhoneSimulator.ActiveCfg = Ad-Hoc|iPhoneSimulator
		{4C1B7BFF-F443-4162-8548-4B3591284876}.Ad-Hoc|iPhoneSimulator.Build.0 = Ad-Hoc|iPhoneSimulator
		{4C1B7BFF-F443-4162-8548-4B3591284876}.Ad-Hoc|x64.ActiveCfg = Ad-Hoc|iPhone
		{4C1B7BFF-F443-4162-8548-4B3591284876}.Ad-Hoc|x86.ActiveCfg = Ad-Hoc|iPhone
		{4C1B7BFF-F443-4162-8548-4B3591284876}.AppStore|Any CPU.ActiveCfg = AppStore|iPhone
		{4C1B7BFF-F443-4162-8548-4B3591284876}.AppStore|ARM.ActiveCfg = AppStore|iPhone
		{4C1B7BFF-F443-4162-8548-4B3591284876}.AppStore|iPhone.ActiveCfg = AppStore|iPhone
		{4C1B7BFF-F443-4162-8548-4B3591284876}.AppStore|iPhone.Build.0 = AppStore|iPhone
		{4C1B7BFF-F443-4162-8548-4B3591284876}.AppStore|iPhoneSimulator.ActiveCfg = AppStore|iPhoneSimulator
		{4C1B7BFF-F443-4162-8548-4B3591284876}.AppStore|iPhoneSimulator.Build.0 = AppStore|iPhoneSimulator
		{4C1B7BFF-F443-4162-8548-4B3591284876}.AppStore|x64.ActiveCfg = AppStore|iPhone
		{4C1B7BFF-F443-4162-8548-4B3591284876}.AppStore|x86.ActiveCfg = AppStore|iPhone
		{4C1B7BFF-F443-4162-8548-4B3591284876}.Debug|Any CPU.ActiveCfg = Debug|iPhone
		{4C1B7BFF-F443-4162-8548-4B3591284876}.Debug|ARM.ActiveCfg = Debug|iPhone
		{4C1B7BFF-F443-4162-8548-4B3591284876}.Debug|iPhone.ActiveCfg = Debug|iPhone
		{4C1B7BFF-F443-4162-8548-4B3591284876}.Debug|iPhone.Build.0 = Debug|iPhone
		{4C1B7BFF-F443-4162-8548-4B3591284876}.Debug|iPhoneSimulator.ActiveCfg = Debug|iPhoneSimulator
		{4C1B7BFF-F443-4162-8548-4B3591284876}.Debug|iPhoneSimulator.Build.0 = Debug|iPhoneSimulator
		{4C1B7BFF-F443-4162-8548-4B3591284876}.Debug|x64.ActiveCfg = Debug|iPhone
		{4C1B7BFF-F443-4162-8548-4B3591284876}.Debug|x86.ActiveCfg = Debug|iPhone
		{4C1B7BFF-F443-4162-8548-4B3591284876}.Release|Any CPU.ActiveCfg = Release|iPhone
		{4C1B7BFF-F443-4162-8548-4B3591284876}.Release|ARM.ActiveCfg = Release|iPhone
		{4C1B7BFF-F443-4162-8548-4B3591284876}.Release|iPhone.ActiveCfg = Release|iPhone
		{4C1B7BFF-F443-4162-8548-4B3591284876}.Release|iPhone.Build.0 = Release|iPhone
		{4C1B7BFF-F443-4162-8548-4B3591284876}.Release|iPhoneSimulator.ActiveCfg = Release|iPhoneSimulator
		{4C1B7BFF-F443-4162-8548-4B3591284876}.Release|iPhoneSimulator.Build.0 = Release|iPhoneSimulator
		{4C1B7BFF-F443-4162-8548-4B3591284876}.Release|x64.ActiveCfg = Release|iPhone
		{4C1B7BFF-F443-4162-8548-4B3591284876}.Release|x86.ActiveCfg = Release|iPhone
		{692BFA52-0530-4674-95AC-8146C0464A36}.Ad-Hoc|Any CPU.ActiveCfg = Release|Any CPU
		{692BFA52-0530-4674-95AC-8146C0464A36}.Ad-Hoc|Any CPU.Build.0 = Release|Any CPU
		{692BFA52-0530-4674-95AC-8146C0464A36}.Ad-Hoc|Any CPU.Deploy.0 = Release|Any CPU
		{692BFA52-0530-4674-95AC-8146C0464A36}.Ad-Hoc|ARM.ActiveCfg = Release|ARM
		{692BFA52-0530-4674-95AC-8146C0464A36}.Ad-Hoc|ARM.Build.0 = Release|ARM
		{692BFA52-0530-4674-95AC-8146C0464A36}.Ad-Hoc|ARM.Deploy.0 = Release|ARM
		{692BFA52-0530-4674-95AC-8146C0464A36}.Ad-Hoc|iPhone.ActiveCfg = Release|Any CPU
		{692BFA52-0530-4674-95AC-8146C0464A36}.Ad-Hoc|iPhone.Build.0 = Release|Any CPU
		{692BFA52-0530-4674-95AC-8146C0464A36}.Ad-Hoc|iPhone.Deploy.0 = Release|Any CPU
		{692BFA52-0530-4674-95AC-8146C0464A36}.Ad-Hoc|iPhoneSimulator.ActiveCfg = Release|Any CPU
		{692BFA52-0530-4674-95AC-8146C0464A36}.Ad-Hoc|iPhoneSimulator.Build.0 = Release|Any CPU
		{692BFA52-0530-4674-95AC-8146C0464A36}.Ad-Hoc|iPhoneSimulator.Deploy.0 = Release|Any CPU
		{692BFA52-0530-4674-95AC-8146C0464A36}.Ad-Hoc|x64.ActiveCfg = Release|Any CPU
		{692BFA52-0530-4674-95AC-8146C0464A36}.Ad-Hoc|x64.Build.0 = Release|Any CPU
		{692BFA52-0530-4674-95AC-8146C0464A36}.Ad-Hoc|x64.Deploy.0 = Release|Any CPU
		{692BFA52-0530-4674-95AC-8146C0464A36}.Ad-Hoc|x86.ActiveCfg = Release|x86
		{692BFA52-0530-4674-95AC-8146C0464A36}.Ad-Hoc|x86.Build.0 = Release|x86
		{692BFA52-0530-4674-95AC-8146C0464A36}.Ad-Hoc|x86.Deploy.0 = Release|x86
		{692BFA52-0530-4674-95AC-8146C0464A36}.AppStore|Any CPU.ActiveCfg = Release|Any CPU
		{692BFA52-0530-4674-95AC-8146C0464A36}.AppStore|Any CPU.Build.0 = Release|Any CPU
		{692BFA52-0530-4674-95AC-8146C0464A36}.AppStore|Any CPU.Deploy.0 = Release|Any CPU
		{692BFA52-0530-4674-95AC-8146C0464A36}.AppStore|ARM.ActiveCfg = Release|ARM
		{692BFA52-0530-4674-95AC-8146C0464A36}.AppStore|ARM.Build.0 = Release|ARM
		{692BFA52-0530-4674-95AC-8146C0464A36}.AppStore|ARM.Deploy.0 = Release|ARM
		{692BFA52-0530-4674-95AC-8146C0464A36}.AppStore|iPhone.ActiveCfg = Release|Any CPU
		{692BFA52-0530-4674-95AC-8146C0464A36}.AppStore|iPhone.Build.0 = Release|Any CPU
		{692BFA52-0530-4674-95AC-8146C0464A36}.AppStore|iPhone.Deploy.0 = Release|Any CPU
		{692BFA52-0530-4674-95AC-8146C0464A36}.AppStore|iPhoneSimulator.ActiveCfg = Release|Any CPU
		{692BFA52-0530-4674-95AC-8146C0464A36}.AppStore|iPhoneSimulator.Build.0 = Release|Any CPU
		{692BFA52-0530-4674-95AC-8146C0464A36}.AppStore|iPhoneSimulator.Deploy.0 = Release|Any CPU
		{692BFA52-0530-4674-95AC-8146C0464A36}.AppStore|x64.ActiveCfg = Release|Any CPU
		{692BFA52-0530-4674-95AC-8146C0464A36}.AppStore|x64.Build.0 = Release|Any CPU
		{692BFA52-0530-4674-95AC-8146C0464A36}.AppStore|x64.Deploy.0 = Release|Any CPU
		{692BFA52-0530-4674-95AC-8146C0464A36}.AppStore|x86.ActiveCfg = Release|x86
		{692BFA52-0530-4674-95AC-8146C0464A36}.AppStore|x86.Build.0 = Release|x86
		{692BFA52-0530-4674-95AC-8146C0464A36}.AppStore|x86.Deploy.0 = Release|x86
		{692BFA52-0530-4674-95AC-8146C0464A36}.Debug|Any CPU.ActiveCfg = Debug|Any CPU
		{692BFA52-0530-4674-95AC-8146C0464A36}.Debug|Any CPU.Build.0 = Debug|Any CPU
		{692BFA52-0530-4674-95AC-8146C0464A36}.Debug|Any CPU.Deploy.0 = Debug|Any CPU
		{692BFA52-0530-4674-95AC-8146C0464A36}.Debug|ARM.ActiveCfg = Debug|ARM
		{692BFA52-0530-4674-95AC-8146C0464A36}.Debug|ARM.Build.0 = Debug|ARM
		{692BFA52-0530-4674-95AC-8146C0464A36}.Debug|ARM.Deploy.0 = Debug|ARM
		{692BFA52-0530-4674-95AC-8146C0464A36}.Debug|iPhone.ActiveCfg = Debug|Any CPU
		{692BFA52-0530-4674-95AC-8146C0464A36}.Debug|iPhone.Build.0 = Debug|Any CPU
		{692BFA52-0530-4674-95AC-8146C0464A36}.Debug|iPhone.Deploy.0 = Debug|Any CPU
		{692BFA52-0530-4674-95AC-8146C0464A36}.Debug|iPhoneSimulator.ActiveCfg = Debug|Any CPU
		{692BFA52-0530-4674-95AC-8146C0464A36}.Debug|iPhoneSimulator.Build.0 = Debug|Any CPU
		{692BFA52-0530-4674-95AC-8146C0464A36}.Debug|iPhoneSimulator.Deploy.0 = Debug|Any CPU
		{692BFA52-0530-4674-95AC-8146C0464A36}.Debug|x64.ActiveCfg = Debug|Any CPU
		{692BFA52-0530-4674-95AC-8146C0464A36}.Debug|x64.Build.0 = Debug|Any CPU
		{692BFA52-0530-4674-95AC-8146C0464A36}.Debug|x64.Deploy.0 = Debug|Any CPU
		{692BFA52-0530-4674-95AC-8146C0464A36}.Debug|x86.ActiveCfg = Debug|x86
		{692BFA52-0530-4674-95AC-8146C0464A36}.Debug|x86.Build.0 = Debug|x86
		{692BFA52-0530-4674-95AC-8146C0464A36}.Debug|x86.Deploy.0 = Debug|x86
		{692BFA52-0530-4674-95AC-8146C0464A36}.Release|Any CPU.ActiveCfg = Release|Any CPU
		{692BFA52-0530-4674-95AC-8146C0464A36}.Release|Any CPU.Build.0 = Release|Any CPU
		{692BFA52-0530-4674-95AC-8146C0464A36}.Release|Any CPU.Deploy.0 = Release|Any CPU
		{692BFA52-0530-4674-95AC-8146C0464A36}.Release|ARM.ActiveCfg = Release|ARM
		{692BFA52-0530-4674-95AC-8146C0464A36}.Release|ARM.Build.0 = Release|ARM
		{692BFA52-0530-4674-95AC-8146C0464A36}.Release|ARM.Deploy.0 = Release|ARM
		{692BFA52-0530-4674-95AC-8146C0464A36}.Release|iPhone.ActiveCfg = Release|Any CPU
		{692BFA52-0530-4674-95AC-8146C0464A36}.Release|iPhone.Build.0 = Release|Any CPU
		{692BFA52-0530-4674-95AC-8146C0464A36}.Release|iPhone.Deploy.0 = Release|Any CPU
		{692BFA52-0530-4674-95AC-8146C0464A36}.Release|iPhoneSimulator.ActiveCfg = Release|Any CPU
		{692BFA52-0530-4674-95AC-8146C0464A36}.Release|iPhoneSimulator.Build.0 = Release|Any CPU
		{692BFA52-0530-4674-95AC-8146C0464A36}.Release|iPhoneSimulator.Deploy.0 = Release|Any CPU
		{692BFA52-0530-4674-95AC-8146C0464A36}.Release|x64.ActiveCfg = Release|Any CPU
		{692BFA52-0530-4674-95AC-8146C0464A36}.Release|x64.Build.0 = Release|Any CPU
		{692BFA52-0530-4674-95AC-8146C0464A36}.Release|x64.Deploy.0 = Release|Any CPU
		{692BFA52-0530-4674-95AC-8146C0464A36}.Release|x86.ActiveCfg = Release|x86
		{692BFA52-0530-4674-95AC-8146C0464A36}.Release|x86.Build.0 = Release|x86
		{692BFA52-0530-4674-95AC-8146C0464A36}.Release|x86.Deploy.0 = Release|x86
		{D7B4558C-A479-4B5E-A83B-C82E45C0D155}.Ad-Hoc|Any CPU.ActiveCfg = Release|x86
		{D7B4558C-A479-4B5E-A83B-C82E45C0D155}.Ad-Hoc|Any CPU.Build.0 = Release|x86
		{D7B4558C-A479-4B5E-A83B-C82E45C0D155}.Ad-Hoc|Any CPU.Deploy.0 = Release|x86
		{D7B4558C-A479-4B5E-A83B-C82E45C0D155}.Ad-Hoc|ARM.ActiveCfg = Release|ARM
		{D7B4558C-A479-4B5E-A83B-C82E45C0D155}.Ad-Hoc|ARM.Build.0 = Release|ARM
		{D7B4558C-A479-4B5E-A83B-C82E45C0D155}.Ad-Hoc|ARM.Deploy.0 = Release|ARM
		{D7B4558C-A479-4B5E-A83B-C82E45C0D155}.Ad-Hoc|iPhone.ActiveCfg = Release|x86
		{D7B4558C-A479-4B5E-A83B-C82E45C0D155}.Ad-Hoc|iPhone.Build.0 = Release|x86
		{D7B4558C-A479-4B5E-A83B-C82E45C0D155}.Ad-Hoc|iPhone.Deploy.0 = Release|x86
		{D7B4558C-A479-4B5E-A83B-C82E45C0D155}.Ad-Hoc|iPhoneSimulator.ActiveCfg = Release|x86
		{D7B4558C-A479-4B5E-A83B-C82E45C0D155}.Ad-Hoc|iPhoneSimulator.Build.0 = Release|x86
		{D7B4558C-A479-4B5E-A83B-C82E45C0D155}.Ad-Hoc|iPhoneSimulator.Deploy.0 = Release|x86
		{D7B4558C-A479-4B5E-A83B-C82E45C0D155}.Ad-Hoc|x64.ActiveCfg = Release|x64
		{D7B4558C-A479-4B5E-A83B-C82E45C0D155}.Ad-Hoc|x64.Build.0 = Release|x64
		{D7B4558C-A479-4B5E-A83B-C82E45C0D155}.Ad-Hoc|x64.Deploy.0 = Release|x64
		{D7B4558C-A479-4B5E-A83B-C82E45C0D155}.Ad-Hoc|x86.ActiveCfg = Release|x86
		{D7B4558C-A479-4B5E-A83B-C82E45C0D155}.Ad-Hoc|x86.Build.0 = Release|x86
		{D7B4558C-A479-4B5E-A83B-C82E45C0D155}.Ad-Hoc|x86.Deploy.0 = Release|x86
		{D7B4558C-A479-4B5E-A83B-C82E45C0D155}.AppStore|Any CPU.ActiveCfg = Release|x86
		{D7B4558C-A479-4B5E-A83B-C82E45C0D155}.AppStore|Any CPU.Build.0 = Release|x86
		{D7B4558C-A479-4B5E-A83B-C82E45C0D155}.AppStore|Any CPU.Deploy.0 = Release|x86
		{D7B4558C-A479-4B5E-A83B-C82E45C0D155}.AppStore|ARM.ActiveCfg = Release|ARM
		{D7B4558C-A479-4B5E-A83B-C82E45C0D155}.AppStore|ARM.Build.0 = Release|ARM
		{D7B4558C-A479-4B5E-A83B-C82E45C0D155}.AppStore|ARM.Deploy.0 = Release|ARM
		{D7B4558C-A479-4B5E-A83B-C82E45C0D155}.AppStore|iPhone.ActiveCfg = Release|x86
		{D7B4558C-A479-4B5E-A83B-C82E45C0D155}.AppStore|iPhone.Build.0 = Release|x86
		{D7B4558C-A479-4B5E-A83B-C82E45C0D155}.AppStore|iPhone.Deploy.0 = Release|x86
		{D7B4558C-A479-4B5E-A83B-C82E45C0D155}.AppStore|iPhoneSimulator.ActiveCfg = Release|x86
		{D7B4558C-A479-4B5E-A83B-C82E45C0D155}.AppStore|iPhoneSimulator.Build.0 = Release|x86
		{D7B4558C-A479-4B5E-A83B-C82E45C0D155}.AppStore|iPhoneSimulator.Deploy.0 = Release|x86
		{D7B4558C-A479-4B5E-A83B-C82E45C0D155}.AppStore|x64.ActiveCfg = Release|x64
		{D7B4558C-A479-4B5E-A83B-C82E45C0D155}.AppStore|x64.Build.0 = Release|x64
		{D7B4558C-A479-4B5E-A83B-C82E45C0D155}.AppStore|x64.Deploy.0 = Release|x64
		{D7B4558C-A479-4B5E-A83B-C82E45C0D155}.AppStore|x86.ActiveCfg = Release|x86
		{D7B4558C-A479-4B5E-A83B-C82E45C0D155}.AppStore|x86.Build.0 = Release|x86
		{D7B4558C-A479-4B5E-A83B-C82E45C0D155}.AppStore|x86.Deploy.0 = Release|x86
		{D7B4558C-A479-4B5E-A83B-C82E45C0D155}.Debug|Any CPU.ActiveCfg = Debug|x86
		{D7B4558C-A479-4B5E-A83B-C82E45C0D155}.Debug|ARM.ActiveCfg = Debug|ARM
		{D7B4558C-A479-4B5E-A83B-C82E45C0D155}.Debug|ARM.Build.0 = Debug|ARM
		{D7B4558C-A479-4B5E-A83B-C82E45C0D155}.Debug|ARM.Deploy.0 = Debug|ARM
		{D7B4558C-A479-4B5E-A83B-C82E45C0D155}.Debug|iPhone.ActiveCfg = Debug|x86
		{D7B4558C-A479-4B5E-A83B-C82E45C0D155}.Debug|iPhoneSimulator.ActiveCfg = Debug|x86
		{D7B4558C-A479-4B5E-A83B-C82E45C0D155}.Debug|x64.ActiveCfg = Debug|x64
		{D7B4558C-A479-4B5E-A83B-C82E45C0D155}.Debug|x64.Build.0 = Debug|x64
		{D7B4558C-A479-4B5E-A83B-C82E45C0D155}.Debug|x64.Deploy.0 = Debug|x64
		{D7B4558C-A479-4B5E-A83B-C82E45C0D155}.Debug|x86.ActiveCfg = Debug|x86
		{D7B4558C-A479-4B5E-A83B-C82E45C0D155}.Debug|x86.Build.0 = Debug|x86
		{D7B4558C-A479-4B5E-A83B-C82E45C0D155}.Debug|x86.Deploy.0 = Debug|x86
		{D7B4558C-A479-4B5E-A83B-C82E45C0D155}.Release|Any CPU.ActiveCfg = Release|x86
		{D7B4558C-A479-4B5E-A83B-C82E45C0D155}.Release|ARM.ActiveCfg = Release|ARM
		{D7B4558C-A479-4B5E-A83B-C82E45C0D155}.Release|ARM.Build.0 = Release|ARM
		{D7B4558C-A479-4B5E-A83B-C82E45C0D155}.Release|ARM.Deploy.0 = Release|ARM
		{D7B4558C-A479-4B5E-A83B-C82E45C0D155}.Release|iPhone.ActiveCfg = Release|x86
		{D7B4558C-A479-4B5E-A83B-C82E45C0D155}.Release|iPhoneSimulator.ActiveCfg = Release|x86
		{D7B4558C-A479-4B5E-A83B-C82E45C0D155}.Release|x64.ActiveCfg = Release|x64
		{D7B4558C-A479-4B5E-A83B-C82E45C0D155}.Release|x64.Build.0 = Release|x64
		{D7B4558C-A479-4B5E-A83B-C82E45C0D155}.Release|x64.Deploy.0 = Release|x64
		{D7B4558C-A479-4B5E-A83B-C82E45C0D155}.Release|x86.ActiveCfg = Release|x86
		{D7B4558C-A479-4B5E-A83B-C82E45C0D155}.Release|x86.Build.0 = Release|x86
		{D7B4558C-A479-4B5E-A83B-C82E45C0D155}.Release|x86.Deploy.0 = Release|x86
		{3A49D02D-D069-4959-BE32-C987E1E7953E}.Ad-Hoc|Any CPU.ActiveCfg = Release|Any CPU
		{3A49D02D-D069-4959-BE32-C987E1E7953E}.Ad-Hoc|Any CPU.Build.0 = Release|Any CPU
		{3A49D02D-D069-4959-BE32-C987E1E7953E}.Ad-Hoc|Any CPU.Deploy.0 = Release|Any CPU
		{3A49D02D-D069-4959-BE32-C987E1E7953E}.Ad-Hoc|ARM.ActiveCfg = Release|ARM
		{3A49D02D-D069-4959-BE32-C987E1E7953E}.Ad-Hoc|ARM.Build.0 = Release|ARM
		{3A49D02D-D069-4959-BE32-C987E1E7953E}.Ad-Hoc|ARM.Deploy.0 = Release|ARM
		{3A49D02D-D069-4959-BE32-C987E1E7953E}.Ad-Hoc|iPhone.ActiveCfg = Release|Any CPU
		{3A49D02D-D069-4959-BE32-C987E1E7953E}.Ad-Hoc|iPhone.Build.0 = Release|Any CPU
		{3A49D02D-D069-4959-BE32-C987E1E7953E}.Ad-Hoc|iPhone.Deploy.0 = Release|Any CPU
		{3A49D02D-D069-4959-BE32-C987E1E7953E}.Ad-Hoc|iPhoneSimulator.ActiveCfg = Release|Any CPU
		{3A49D02D-D069-4959-BE32-C987E1E7953E}.Ad-Hoc|iPhoneSimulator.Build.0 = Release|Any CPU
		{3A49D02D-D069-4959-BE32-C987E1E7953E}.Ad-Hoc|iPhoneSimulator.Deploy.0 = Release|Any CPU
		{3A49D02D-D069-4959-BE32-C987E1E7953E}.Ad-Hoc|x64.ActiveCfg = Release|x64
		{3A49D02D-D069-4959-BE32-C987E1E7953E}.Ad-Hoc|x64.Build.0 = Release|x64
		{3A49D02D-D069-4959-BE32-C987E1E7953E}.Ad-Hoc|x64.Deploy.0 = Release|x64
		{3A49D02D-D069-4959-BE32-C987E1E7953E}.Ad-Hoc|x86.ActiveCfg = Release|x86
		{3A49D02D-D069-4959-BE32-C987E1E7953E}.Ad-Hoc|x86.Build.0 = Release|x86
		{3A49D02D-D069-4959-BE32-C987E1E7953E}.Ad-Hoc|x86.Deploy.0 = Release|x86
		{3A49D02D-D069-4959-BE32-C987E1E7953E}.AppStore|Any CPU.ActiveCfg = Release|Any CPU
		{3A49D02D-D069-4959-BE32-C987E1E7953E}.AppStore|Any CPU.Build.0 = Release|Any CPU
		{3A49D02D-D069-4959-BE32-C987E1E7953E}.AppStore|Any CPU.Deploy.0 = Release|Any CPU
		{3A49D02D-D069-4959-BE32-C987E1E7953E}.AppStore|ARM.ActiveCfg = Release|ARM
		{3A49D02D-D069-4959-BE32-C987E1E7953E}.AppStore|ARM.Build.0 = Release|ARM
		{3A49D02D-D069-4959-BE32-C987E1E7953E}.AppStore|ARM.Deploy.0 = Release|ARM
		{3A49D02D-D069-4959-BE32-C987E1E7953E}.AppStore|iPhone.ActiveCfg = Release|Any CPU
		{3A49D02D-D069-4959-BE32-C987E1E7953E}.AppStore|iPhone.Build.0 = Release|Any CPU
		{3A49D02D-D069-4959-BE32-C987E1E7953E}.AppStore|iPhone.Deploy.0 = Release|Any CPU
		{3A49D02D-D069-4959-BE32-C987E1E7953E}.AppStore|iPhoneSimulator.ActiveCfg = Release|Any CPU
		{3A49D02D-D069-4959-BE32-C987E1E7953E}.AppStore|iPhoneSimulator.Build.0 = Release|Any CPU
		{3A49D02D-D069-4959-BE32-C987E1E7953E}.AppStore|iPhoneSimulator.Deploy.0 = Release|Any CPU
		{3A49D02D-D069-4959-BE32-C987E1E7953E}.AppStore|x64.ActiveCfg = Release|x64
		{3A49D02D-D069-4959-BE32-C987E1E7953E}.AppStore|x64.Build.0 = Release|x64
		{3A49D02D-D069-4959-BE32-C987E1E7953E}.AppStore|x64.Deploy.0 = Release|x64
		{3A49D02D-D069-4959-BE32-C987E1E7953E}.AppStore|x86.ActiveCfg = Release|x86
		{3A49D02D-D069-4959-BE32-C987E1E7953E}.AppStore|x86.Build.0 = Release|x86
		{3A49D02D-D069-4959-BE32-C987E1E7953E}.AppStore|x86.Deploy.0 = Release|x86
		{3A49D02D-D069-4959-BE32-C987E1E7953E}.Debug|Any CPU.ActiveCfg = Debug|Any CPU
		{3A49D02D-D069-4959-BE32-C987E1E7953E}.Debug|Any CPU.Build.0 = Debug|Any CPU
		{3A49D02D-D069-4959-BE32-C987E1E7953E}.Debug|Any CPU.Deploy.0 = Debug|Any CPU
		{3A49D02D-D069-4959-BE32-C987E1E7953E}.Debug|ARM.ActiveCfg = Debug|ARM
		{3A49D02D-D069-4959-BE32-C987E1E7953E}.Debug|ARM.Build.0 = Debug|ARM
		{3A49D02D-D069-4959-BE32-C987E1E7953E}.Debug|ARM.Deploy.0 = Debug|ARM
		{3A49D02D-D069-4959-BE32-C987E1E7953E}.Debug|iPhone.ActiveCfg = Debug|Any CPU
		{3A49D02D-D069-4959-BE32-C987E1E7953E}.Debug|iPhone.Build.0 = Debug|Any CPU
		{3A49D02D-D069-4959-BE32-C987E1E7953E}.Debug|iPhone.Deploy.0 = Debug|Any CPU
		{3A49D02D-D069-4959-BE32-C987E1E7953E}.Debug|iPhoneSimulator.ActiveCfg = Debug|Any CPU
		{3A49D02D-D069-4959-BE32-C987E1E7953E}.Debug|iPhoneSimulator.Build.0 = Debug|Any CPU
		{3A49D02D-D069-4959-BE32-C987E1E7953E}.Debug|iPhoneSimulator.Deploy.0 = Debug|Any CPU
		{3A49D02D-D069-4959-BE32-C987E1E7953E}.Debug|x64.ActiveCfg = Debug|x64
		{3A49D02D-D069-4959-BE32-C987E1E7953E}.Debug|x64.Build.0 = Debug|x64
		{3A49D02D-D069-4959-BE32-C987E1E7953E}.Debug|x64.Deploy.0 = Debug|x64
		{3A49D02D-D069-4959-BE32-C987E1E7953E}.Debug|x86.ActiveCfg = Debug|x86
		{3A49D02D-D069-4959-BE32-C987E1E7953E}.Debug|x86.Build.0 = Debug|x86
		{3A49D02D-D069-4959-BE32-C987E1E7953E}.Debug|x86.Deploy.0 = Debug|x86
		{3A49D02D-D069-4959-BE32-C987E1E7953E}.Release|Any CPU.ActiveCfg = Release|Any CPU
		{3A49D02D-D069-4959-BE32-C987E1E7953E}.Release|Any CPU.Build.0 = Release|Any CPU
		{3A49D02D-D069-4959-BE32-C987E1E7953E}.Release|Any CPU.Deploy.0 = Release|Any CPU
		{3A49D02D-D069-4959-BE32-C987E1E7953E}.Release|ARM.ActiveCfg = Release|ARM
		{3A49D02D-D069-4959-BE32-C987E1E7953E}.Release|ARM.Build.0 = Release|ARM
		{3A49D02D-D069-4959-BE32-C987E1E7953E}.Release|ARM.Deploy.0 = Release|ARM
		{3A49D02D-D069-4959-BE32-C987E1E7953E}.Release|iPhone.ActiveCfg = Release|Any CPU
		{3A49D02D-D069-4959-BE32-C987E1E7953E}.Release|iPhone.Build.0 = Release|Any CPU
		{3A49D02D-D069-4959-BE32-C987E1E7953E}.Release|iPhone.Deploy.0 = Release|Any CPU
		{3A49D02D-D069-4959-BE32-C987E1E7953E}.Release|iPhoneSimulator.ActiveCfg = Release|Any CPU
		{3A49D02D-D069-4959-BE32-C987E1E7953E}.Release|iPhoneSimulator.Build.0 = Release|Any CPU
		{3A49D02D-D069-4959-BE32-C987E1E7953E}.Release|iPhoneSimulator.Deploy.0 = Release|Any CPU
		{3A49D02D-D069-4959-BE32-C987E1E7953E}.Release|x64.ActiveCfg = Release|x64
		{3A49D02D-D069-4959-BE32-C987E1E7953E}.Release|x64.Build.0 = Release|x64
		{3A49D02D-D069-4959-BE32-C987E1E7953E}.Release|x64.Deploy.0 = Release|x64
		{3A49D02D-D069-4959-BE32-C987E1E7953E}.Release|x86.ActiveCfg = Release|x86
		{3A49D02D-D069-4959-BE32-C987E1E7953E}.Release|x86.Build.0 = Release|x86
		{3A49D02D-D069-4959-BE32-C987E1E7953E}.Release|x86.Deploy.0 = Release|x86
		{DF7C8DC4-6C87-4A2A-BB5B-EA727D1E96BB}.Ad-Hoc|Any CPU.ActiveCfg = Release|Any CPU
		{DF7C8DC4-6C87-4A2A-BB5B-EA727D1E96BB}.Ad-Hoc|Any CPU.Build.0 = Release|Any CPU
		{DF7C8DC4-6C87-4A2A-BB5B-EA727D1E96BB}.Ad-Hoc|ARM.ActiveCfg = Release|Any CPU
		{DF7C8DC4-6C87-4A2A-BB5B-EA727D1E96BB}.Ad-Hoc|ARM.Build.0 = Release|Any CPU
		{DF7C8DC4-6C87-4A2A-BB5B-EA727D1E96BB}.Ad-Hoc|iPhone.ActiveCfg = Release|Any CPU
		{DF7C8DC4-6C87-4A2A-BB5B-EA727D1E96BB}.Ad-Hoc|iPhone.Build.0 = Release|Any CPU
		{DF7C8DC4-6C87-4A2A-BB5B-EA727D1E96BB}.Ad-Hoc|iPhoneSimulator.ActiveCfg = Release|Any CPU
		{DF7C8DC4-6C87-4A2A-BB5B-EA727D1E96BB}.Ad-Hoc|iPhoneSimulator.Build.0 = Release|Any CPU
		{DF7C8DC4-6C87-4A2A-BB5B-EA727D1E96BB}.Ad-Hoc|x64.ActiveCfg = Release|Any CPU
		{DF7C8DC4-6C87-4A2A-BB5B-EA727D1E96BB}.Ad-Hoc|x64.Build.0 = Release|Any CPU
		{DF7C8DC4-6C87-4A2A-BB5B-EA727D1E96BB}.Ad-Hoc|x86.ActiveCfg = Release|Any CPU
		{DF7C8DC4-6C87-4A2A-BB5B-EA727D1E96BB}.Ad-Hoc|x86.Build.0 = Release|Any CPU
		{DF7C8DC4-6C87-4A2A-BB5B-EA727D1E96BB}.AppStore|Any CPU.ActiveCfg = Release|Any CPU
		{DF7C8DC4-6C87-4A2A-BB5B-EA727D1E96BB}.AppStore|Any CPU.Build.0 = Release|Any CPU
		{DF7C8DC4-6C87-4A2A-BB5B-EA727D1E96BB}.AppStore|ARM.ActiveCfg = Release|Any CPU
		{DF7C8DC4-6C87-4A2A-BB5B-EA727D1E96BB}.AppStore|ARM.Build.0 = Release|Any CPU
		{DF7C8DC4-6C87-4A2A-BB5B-EA727D1E96BB}.AppStore|iPhone.ActiveCfg = Release|Any CPU
		{DF7C8DC4-6C87-4A2A-BB5B-EA727D1E96BB}.AppStore|iPhone.Build.0 = Release|Any CPU
		{DF7C8DC4-6C87-4A2A-BB5B-EA727D1E96BB}.AppStore|iPhoneSimulator.ActiveCfg = Release|Any CPU
		{DF7C8DC4-6C87-4A2A-BB5B-EA727D1E96BB}.AppStore|iPhoneSimulator.Build.0 = Release|Any CPU
		{DF7C8DC4-6C87-4A2A-BB5B-EA727D1E96BB}.AppStore|x64.ActiveCfg = Release|Any CPU
		{DF7C8DC4-6C87-4A2A-BB5B-EA727D1E96BB}.AppStore|x64.Build.0 = Release|Any CPU
		{DF7C8DC4-6C87-4A2A-BB5B-EA727D1E96BB}.AppStore|x86.ActiveCfg = Release|Any CPU
		{DF7C8DC4-6C87-4A2A-BB5B-EA727D1E96BB}.AppStore|x86.Build.0 = Release|Any CPU
		{DF7C8DC4-6C87-4A2A-BB5B-EA727D1E96BB}.Debug|Any CPU.ActiveCfg = Debug|Any CPU
		{DF7C8DC4-6C87-4A2A-BB5B-EA727D1E96BB}.Debug|Any CPU.Build.0 = Debug|Any CPU
		{DF7C8DC4-6C87-4A2A-BB5B-EA727D1E96BB}.Debug|ARM.ActiveCfg = Debug|Any CPU
		{DF7C8DC4-6C87-4A2A-BB5B-EA727D1E96BB}.Debug|ARM.Build.0 = Debug|Any CPU
		{DF7C8DC4-6C87-4A2A-BB5B-EA727D1E96BB}.Debug|iPhone.ActiveCfg = Debug|Any CPU
		{DF7C8DC4-6C87-4A2A-BB5B-EA727D1E96BB}.Debug|iPhone.Build.0 = Debug|Any CPU
		{DF7C8DC4-6C87-4A2A-BB5B-EA727D1E96BB}.Debug|iPhoneSimulator.ActiveCfg = Debug|Any CPU
		{DF7C8DC4-6C87-4A2A-BB5B-EA727D1E96BB}.Debug|iPhoneSimulator.Build.0 = Debug|Any CPU
		{DF7C8DC4-6C87-4A2A-BB5B-EA727D1E96BB}.Debug|x64.ActiveCfg = Debug|Any CPU
		{DF7C8DC4-6C87-4A2A-BB5B-EA727D1E96BB}.Debug|x64.Build.0 = Debug|Any CPU
		{DF7C8DC4-6C87-4A2A-BB5B-EA727D1E96BB}.Debug|x86.ActiveCfg = Debug|Any CPU
		{DF7C8DC4-6C87-4A2A-BB5B-EA727D1E96BB}.Debug|x86.Build.0 = Debug|Any CPU
		{DF7C8DC4-6C87-4A2A-BB5B-EA727D1E96BB}.Release|Any CPU.ActiveCfg = Release|Any CPU
		{DF7C8DC4-6C87-4A2A-BB5B-EA727D1E96BB}.Release|Any CPU.Build.0 = Release|Any CPU
		{DF7C8DC4-6C87-4A2A-BB5B-EA727D1E96BB}.Release|ARM.ActiveCfg = Release|Any CPU
		{DF7C8DC4-6C87-4A2A-BB5B-EA727D1E96BB}.Release|ARM.Build.0 = Release|Any CPU
		{DF7C8DC4-6C87-4A2A-BB5B-EA727D1E96BB}.Release|iPhone.ActiveCfg = Release|Any CPU
		{DF7C8DC4-6C87-4A2A-BB5B-EA727D1E96BB}.Release|iPhone.Build.0 = Release|Any CPU
		{DF7C8DC4-6C87-4A2A-BB5B-EA727D1E96BB}.Release|iPhoneSimulator.ActiveCfg = Release|Any CPU
		{DF7C8DC4-6C87-4A2A-BB5B-EA727D1E96BB}.Release|iPhoneSimulator.Build.0 = Release|Any CPU
		{DF7C8DC4-6C87-4A2A-BB5B-EA727D1E96BB}.Release|x64.ActiveCfg = Release|Any CPU
		{DF7C8DC4-6C87-4A2A-BB5B-EA727D1E96BB}.Release|x64.Build.0 = Release|Any CPU
		{DF7C8DC4-6C87-4A2A-BB5B-EA727D1E96BB}.Release|x86.ActiveCfg = Release|Any CPU
		{DF7C8DC4-6C87-4A2A-BB5B-EA727D1E96BB}.Release|x86.Build.0 = Release|Any CPU
	EndGlobalSection
	GlobalSection(SolutionProperties) = preSolution
		HideSolutionNode = FALSE
	EndGlobalSection
EndGlobal
